
Microsoft Visual Studio Solution File, Format Version 12.00
# Visual Studio 15
VisualStudioVersion = 15.0.28307.757
MinimumVisualStudioVersion = 10.0.40219.1
Project("{FAE04EC0-301F-11D3-BF4B-00C04F79EFBC}") = "AcBazar.Web", "AcBazar.Web\AcBazar.Web.csproj", "{D961BA31-2465-4977-9AAE-0BEEB57AB9C0}"
EndProject
Project("{FAE04EC0-301F-11D3-BF4B-00C04F79EFBC}") = "AcBazar.Entities", "AcBazar.Entities\AcBazar.Entities.csproj", "{3C8585B0-6945-4A4C-A288-498CB9CDF484}"
EndProject
Project("{FAE04EC0-301F-11D3-BF4B-00C04F79EFBC}") = "AcBazar.Database", "AcBazar.Database\AcBazar.Database.csproj", "{9A2F5C1A-1749-4D1B-A386-A1134AF08399}"
EndProject
Project("{FAE04EC0-301F-11D3-BF4B-00C04F79EFBC}") = "AcBazar.Services", "AcBazar.Services\AcBazar.Services.csproj", "{051B2779-ACE0-4641-AA60-A9B989643FC9}"
EndProject
Global
	GlobalSection(SolutionConfigurationPlatforms) = preSolution
		Debug|Any CPU = Debug|Any CPU
		Release|Any CPU = Release|Any CPU
	EndGlobalSection
	GlobalSection(ProjectConfigurationPlatforms) = postSolution
		{D961BA31-2465-4977-9AAE-0BEEB57AB9C0}.Debug|Any CPU.ActiveCfg = Debug|Any CPU
		{D961BA31-2465-4977-9AAE-0BEEB57AB9C0}.Debug|Any CPU.Build.0 = Debug|Any CPU
		{D961BA31-2465-4977-9AAE-0BEEB57AB9C0}.Release|Any CPU.ActiveCfg = Release|Any CPU
		{D961BA31-2465-4977-9AAE-0BEEB57AB9C0}.Release|Any CPU.Build.0 = Release|Any CPU
		{3C8585B0-6945-4A4C-A288-498CB9CDF484}.Debug|Any CPU.ActiveCfg = Debug|Any CPU
		{3C8585B0-6945-4A4C-A288-498CB9CDF484}.Debug|Any CPU.Build.0 = Debug|Any CPU
		{3C8585B0-6945-4A4C-A288-498CB9CDF484}.Release|Any CPU.ActiveCfg = Release|Any CPU
		{3C8585B0-6945-4A4C-A288-498CB9CDF484}.Release|Any CPU.Build.0 = Release|Any CPU
		{9A2F5C1A-1749-4D1B-A386-A1134AF08399}.Debug|Any CPU.ActiveCfg = Debug|Any CPU
		{9A2F5C1A-1749-4D1B-A386-A1134AF08399}.Debug|Any CPU.Build.0 = Debug|Any CPU
		{9A2F5C1A-1749-4D1B-A386-A1134AF08399}.Release|Any CPU.ActiveCfg = Release|Any CPU
		{9A2F5C1A-1749-4D1B-A386-A1134AF08399}.Release|Any CPU.Build.0 = Release|Any CPU
		{051B2779-ACE0-4641-AA60-A9B989643FC9}.Debug|Any CPU.ActiveCfg = Debug|Any CPU
		{051B2779-ACE0-4641-AA60-A9B989643FC9}.Debug|Any CPU.Build.0 = Debug|Any CPU
		{051B2779-ACE0-4641-AA60-A9B989643FC9}.Release|Any CPU.ActiveCfg = Release|Any CPU
		{051B2779-ACE0-4641-AA60-A9B989643FC9}.Release|Any CPU.Build.0 = Release|Any CPU
	EndGlobalSection
	GlobalSection(SolutionProperties) = preSolution
		HideSolutionNode = FALSE
	EndGlobalSection
	GlobalSection(ExtensibilityGlobals) = postSolution
		SolutionGuid = {66FFDA31-8AA8-445C-8CDA-A503506B681D}
	EndGlobalSection
EndGlobal
